
Microsoft Visual Studio Solution File, Format Version 12.00
# Visual Studio Version 17
VisualStudioVersion = 17.11.35303.130
MinimumVisualStudioVersion = 10.0.40219.1
Project("{FAE04EC0-301F-11D3-BF4B-00C04F79EFBC}") = "HotelProjectMVC", "HotelProjectMVC\HotelProjectMVC.csproj", "{32772FD2-3A44-4B8D-A48F-CAE4A20A5A64}"
EndProject
Global
	GlobalSection(SolutionConfigurationPlatforms) = preSolution
		Debug|Any CPU = Debug|Any CPU
		Release|Any CPU = Release|Any CPU
	EndGlobalSection
	GlobalSection(ProjectConfigurationPlatforms) = postSolution
		{32772FD2-3A44-4B8D-A48F-CAE4A20A5A64}.Debug|Any CPU.ActiveCfg = Debug|Any CPU
		{32772FD2-3A44-4B8D-A48F-CAE4A20A5A64}.Debug|Any CPU.Build.0 = Debug|Any CPU
		{32772FD2-3A44-4B8D-A48F-CAE4A20A5A64}.Release|Any CPU.ActiveCfg = Release|Any CPU
		{32772FD2-3A44-4B8D-A48F-CAE4A20A5A64}.Release|Any CPU.Build.0 = Release|Any CPU
	EndGlobalSection
	GlobalSection(SolutionProperties) = preSolution
		HideSolutionNode = FALSE
	EndGlobalSection
	GlobalSection(ExtensibilityGlobals) = postSolution
		SolutionGuid = {E8B247AE-533C-4716-A719-81792D6993A6}
	EndGlobalSection
EndGlobal
